
Microsoft Visual Studio Solution File, Format Version 12.00
# Visual Studio Version 17
VisualStudioVersion = 17.6.33815.320
MinimumVisualStudioVersion = 10.0.40219.1
Project("{FAE04EC0-301F-11D3-BF4B-00C04F79EFBC}") = "CompaniesInfoTO", "CompaniesInfoTO.csproj", "{6473253A-8B08-4B6C-AB86-43480FCAADC0}"
EndProject
Global
	GlobalSection(SolutionConfigurationPlatforms) = preSolution
		Debug|Any CPU = Debug|Any CPU
		Release|Any CPU = Release|Any CPU
	EndGlobalSection
	GlobalSection(ProjectConfigurationPlatforms) = postSolution
		{6473253A-8B08-4B6C-AB86-43480FCAADC0}.Debug|Any CPU.ActiveCfg = Debug|Any CPU
		{6473253A-8B08-4B6C-AB86-43480FCAADC0}.Debug|Any CPU.Build.0 = Debug|Any CPU
		{6473253A-8B08-4B6C-AB86-43480FCAADC0}.Release|Any CPU.ActiveCfg = Release|Any CPU
		{6473253A-8B08-4B6C-AB86-43480FCAADC0}.Release|Any CPU.Build.0 = Release|Any CPU
	EndGlobalSection
	GlobalSection(SolutionProperties) = preSolution
		HideSolutionNode = FALSE
	EndGlobalSection
	GlobalSection(ExtensibilityGlobals) = postSolution
		SolutionGuid = {49DF4D33-5965-459D-B7BC-79FA9B471D8A}
	EndGlobalSection
EndGlobal
